<?xml version="1.0" encoding="utf-8"?>
<Project ToolsVersion="4.0" xmlns="http://schemas.microsoft.com/developer/msbuild/2003">
  <ItemGroup>
    <Filter Include="Resource Files">
      <UniqueIdentifier>{67DA6AB6-F800-4c08-8B7A-83BB121AAD01}</UniqueIdentifier>
      <Extensions>rc;ico;cur;bmp;dlg;rc2;rct;bin;rgs;gif;jpg;jpeg;jpe;resx;tiff;tif;png;wav;mfcribbon-ms</Extensions>
    </Filter>
    <Filter Include="Common">
      <UniqueIdentifier>{7c98ce99-b272-40e0-b700-9c1db26ee484}</UniqueIdentifier>
    </Filter>
    <Filter Include="AppInit">
      <UniqueIdentifier>{1ccf6227-be04-4955-b670-5d2c5b449d4d}</UniqueIdentifier>
    </Filter>
    <Filter Include="Rendering">
      <UniqueIdentifier>{e1aa9721-1f2a-49a0-a17c-0a459ba9b99f}</UniqueIdentifier>
    </Filter>
    <Filter Include="Rendering\Models">
      <UniqueIdentifier>{26c26b50-8219-4371-a8fb-03522c1dde13}</UniqueIdentifier>
    </Filter>
  </ItemGroup>
  <ItemGroup>
    <ClCompile Include="src\appInit\Application.cpp">
      <Filter>AppInit</Filter>
    </ClCompile>
    <ClCompile Include="src\AppInit\Init_GLFW.cpp">
      <Filter>AppInit</Filter>
    </ClCompile>
    <ClCompile Include="src\AppInit\Init_GLEW.cpp">
      <Filter>AppInit</Filter>
    </ClCompile>
    <ClCompile Include="src\Rendering\Models\SimpleMesh.cpp">
      <Filter>Rendering\Models</Filter>
    </ClCompile>
    <ClCompile Include="src\Rendering\Camera.cpp">
      <Filter>Rendering</Filter>
    </ClCompile>
    <ClCompile Include="src\Rendering\ShaderProgram.cpp">
      <Filter>Rendering</Filter>
    </ClCompile>
    <ClCompile Include="src\Rendering\ShaderManager.cpp">
      <Filter>Rendering</Filter>
    </ClCompile>
    <ClCompile Include="src\Common\WELogger.cpp">
      <Filter>Common</Filter>
    </ClCompile>
  </ItemGroup>
  <ItemGroup>
    <ClInclude Include="src\appInit\ApplicationSettings.h">
      <Filter>AppInit</Filter>
    </ClInclude>
    <ClInclude Include="src\Common\WECommon.h">
      <Filter>Common</Filter>
    </ClInclude>
    <ClInclude Include="src\AppInit\Application.h">
      <Filter>AppInit</Filter>
    </ClInclude>
    <ClInclude Include="src\AppInit\Init_GLFW.h">
      <Filter>AppInit</Filter>
    </ClInclude>
    <ClInclude Include="src\AppInit\Init_GLEW.h">
      <Filter>AppInit</Filter>
    </ClInclude>
    <ClInclude Include="src\AppInit\GLContextInfo.h">
      <Filter>AppInit</Filter>
    </ClInclude>
    <ClInclude Include="src\Rendering\Models\VertexFormat.h">
      <Filter>Rendering\Models</Filter>
    </ClInclude>
    <ClInclude Include="src\Rendering\Models\SimpleMesh.h">
      <Filter>Rendering\Models</Filter>
    </ClInclude>
    <ClInclude Include="src\Rendering\Camera.h">
      <Filter>Rendering</Filter>
    </ClInclude>
    <ClInclude Include="src\Rendering\ShaderProgram.h">
      <Filter>Rendering</Filter>
    </ClInclude>
    <ClInclude Include="src\Rendering\ShaderManager.h">
      <Filter>Rendering</Filter>
    </ClInclude>
    <ClInclude Include="src\Common\WELogger.h">
      <Filter>Common</Filter>
    </ClInclude>
  </ItemGroup>
</Project>